
Microsoft Visual Studio Solution File, Format Version 12.00
# Visual Studio Version 17
VisualStudioVersion = 17.3.32922.545
MinimumVisualStudioVersion = 10.0.40219.1
Project("{9A19103F-16F7-4668-BE54-9A1E7A4F7556}") = "Week4Loops", "Week4Loops\Week4Loops.csproj", "{AC019CE3-9071-46F8-A883-532AFB798EA2}"
EndProject
Project("{FAE04EC0-301F-11D3-BF4B-00C04F79EFBC}") = "ForLoopSum", "ForLoopSum\ForLoopSum.csproj", "{C19830DD-BFCA-4B13-983B-D8BA0DF77748}"
EndProject
Project("{FAE04EC0-301F-11D3-BF4B-00C04F79EFBC}") = "RandomNumber", "RandomNumber\RandomNumber.csproj", "{5F25DB07-104B-4CA5-B0C2-A57E9DB56E28}"
EndProject
Project("{FAE04EC0-301F-11D3-BF4B-00C04F79EFBC}") = "WhileLoops", "WhileLoops\WhileLoops.csproj", "{F41CF9CD-4C43-4DC4-87C7-25F0714692AF}"
EndProject
Global
	GlobalSection(SolutionConfigurationPlatforms) = preSolution
		Debug|Any CPU = Debug|Any CPU
		Release|Any CPU = Release|Any CPU
	EndGlobalSection
	GlobalSection(ProjectConfigurationPlatforms) = postSolution
		{AC019CE3-9071-46F8-A883-532AFB798EA2}.Debug|Any CPU.ActiveCfg = Debug|Any CPU
		{AC019CE3-9071-46F8-A883-532AFB798EA2}.Debug|Any CPU.Build.0 = Debug|Any CPU
		{AC019CE3-9071-46F8-A883-532AFB798EA2}.Release|Any CPU.ActiveCfg = Release|Any CPU
		{AC019CE3-9071-46F8-A883-532AFB798EA2}.Release|Any CPU.Build.0 = Release|Any CPU
		{C19830DD-BFCA-4B13-983B-D8BA0DF77748}.Debug|Any CPU.ActiveCfg = Debug|Any CPU
		{C19830DD-BFCA-4B13-983B-D8BA0DF77748}.Debug|Any CPU.Build.0 = Debug|Any CPU
		{C19830DD-BFCA-4B13-983B-D8BA0DF77748}.Release|Any CPU.ActiveCfg = Release|Any CPU
		{C19830DD-BFCA-4B13-983B-D8BA0DF77748}.Release|Any CPU.Build.0 = Release|Any CPU
		{5F25DB07-104B-4CA5-B0C2-A57E9DB56E28}.Debug|Any CPU.ActiveCfg = Debug|Any CPU
		{5F25DB07-104B-4CA5-B0C2-A57E9DB56E28}.Debug|Any CPU.Build.0 = Debug|Any CPU
		{5F25DB07-104B-4CA5-B0C2-A57E9DB56E28}.Release|Any CPU.ActiveCfg = Release|Any CPU
		{5F25DB07-104B-4CA5-B0C2-A57E9DB56E28}.Release|Any CPU.Build.0 = Release|Any CPU
		{F41CF9CD-4C43-4DC4-87C7-25F0714692AF}.Debug|Any CPU.ActiveCfg = Debug|Any CPU
		{F41CF9CD-4C43-4DC4-87C7-25F0714692AF}.Debug|Any CPU.Build.0 = Debug|Any CPU
		{F41CF9CD-4C43-4DC4-87C7-25F0714692AF}.Release|Any CPU.ActiveCfg = Release|Any CPU
		{F41CF9CD-4C43-4DC4-87C7-25F0714692AF}.Release|Any CPU.Build.0 = Release|Any CPU
	EndGlobalSection
	GlobalSection(SolutionProperties) = preSolution
		HideSolutionNode = FALSE
	EndGlobalSection
	GlobalSection(ExtensibilityGlobals) = postSolution
		SolutionGuid = {4253B6A4-C923-4062-BAB9-FAF593E8A3F0}
	EndGlobalSection
EndGlobal
